{
  "requires": true,
  "lockfileVersion": 1,
  "dependencies": {
    "pure-color": {
      "version": "1.3.0",
      "resolved": "https://registry.npmjs.org/pure-color/-/pure-color-1.3.0.tgz",
      "integrity": "sha1-H+Bk+wrIUfDeYTIKi/eWg2Qi8z4="
    },
    "reinvented-color-wheel": {
      "version": "0.4.0",
      "resolved": "https://registry.npmjs.org/reinvented-color-wheel/-/reinvented-color-wheel-0.4.0.tgz",
      "integrity": "sha512-SD5Q84PQ6/ekoq3aSb9GEIW41dXE5VfQ3546e7uaxhebmH84x5eCnm2ilcV35MDv49iyYa/BXh3dPLV/ncrR1g==",
      "requires": {
        "pure-color": "^1.3.0"
      }
    }
  }
}
